
Microsoft Visual Studio Solution File, Format Version 12.00
# Visual Studio Version 16
VisualStudioVersion = 25.0.1704.0
MinimumVisualStudioVersion = 10.0.40219.1
Project("{FAE04EC0-301F-11D3-BF4B-00C04F79EFBC}") = "task.seven", "task.seven\task.seven.csproj", "{88C7E228-4003-4F61-9E0F-E8DCA5CD40DF}"
EndProject
Project("{FAE04EC0-301F-11D3-BF4B-00C04F79EFBC}") = "tumakoww", "tumakoww\tumakoww.csproj", "{C174A4C6-2E2D-4207-9660-8BE6DA29E9FA}"
EndProject
Global
	GlobalSection(SolutionConfigurationPlatforms) = preSolution
		Debug|Any CPU = Debug|Any CPU
		Release|Any CPU = Release|Any CPU
	EndGlobalSection
	GlobalSection(ProjectConfigurationPlatforms) = postSolution
		{88C7E228-4003-4F61-9E0F-E8DCA5CD40DF}.Debug|Any CPU.ActiveCfg = Debug|Any CPU
		{88C7E228-4003-4F61-9E0F-E8DCA5CD40DF}.Debug|Any CPU.Build.0 = Debug|Any CPU
		{88C7E228-4003-4F61-9E0F-E8DCA5CD40DF}.Release|Any CPU.ActiveCfg = Release|Any CPU
		{88C7E228-4003-4F61-9E0F-E8DCA5CD40DF}.Release|Any CPU.Build.0 = Release|Any CPU
		{C174A4C6-2E2D-4207-9660-8BE6DA29E9FA}.Debug|Any CPU.ActiveCfg = Debug|Any CPU
		{C174A4C6-2E2D-4207-9660-8BE6DA29E9FA}.Debug|Any CPU.Build.0 = Debug|Any CPU
		{C174A4C6-2E2D-4207-9660-8BE6DA29E9FA}.Release|Any CPU.ActiveCfg = Release|Any CPU
		{C174A4C6-2E2D-4207-9660-8BE6DA29E9FA}.Release|Any CPU.Build.0 = Release|Any CPU
	EndGlobalSection
	GlobalSection(SolutionProperties) = preSolution
		HideSolutionNode = FALSE
	EndGlobalSection
	GlobalSection(ExtensibilityGlobals) = postSolution
		SolutionGuid = {B83A6D94-FC3E-4223-8D74-113B21B0B5E4}
	EndGlobalSection
EndGlobal
